version = 1
requires-python = ">=3.12"

[[package]]
name = "graphql-core"
version = "3.2.5"
source = { registry = "https://pypi.org/simple" }
sdist = { url = "https://files.pythonhosted.org/packages/2e/b5/ebc6fe3852e2d2fdaf682dddfc366934f3d2c9ef9b6d1b0e6ca348d936ba/graphql_core-3.2.5.tar.gz", hash = "sha256:e671b90ed653c808715645e3998b7ab67d382d55467b7e2978549111bbabf8d5", size = 504664 }
wheels = [
    { url = "https://files.pythonhosted.org/packages/e3/dc/078bd6b304de790618ebb95e2aedaadb78f4527ac43a9ad8815f006636b6/graphql_core-3.2.5-py3-none-any.whl", hash = "sha256:2f150d5096448aa4f8ab26268567bbfeef823769893b39c1a2e1409590939c8a", size = 203189 },
]

[[package]]
name = "graphql-example"
version = "0.1.0"
source = { virtual = "." }
dependencies = [
    { name = "graphql-core" },
]

[package.metadata]
requires-dist = [{ name = "graphql-core", specifier = ">=3.2.5" }]
